
Microsoft Visual Studio Solution File, Format Version 12.00
# Visual Studio Version 17
VisualStudioVersion = 17.11.35327.3
MinimumVisualStudioVersion = 10.0.40219.1
Project("{9A19103F-16F7-4668-BE54-9A1E7A4F7556}") = "MetroDFS.API", "MetroDFS.API\MetroDFS.API.csproj", "{3ABD4177-EEA1-4390-B890-9263CB9091D7}"
EndProject
Project("{FAE04EC0-301F-11D3-BF4B-00C04F79EFBC}") = "MetroDFS.Models", "MetroDFS.Models\MetroDFS.Models.csproj", "{4D910BF2-20EA-4D07-917F-07CB76FFB39F}"
EndProject
Project("{FAE04EC0-301F-11D3-BF4B-00C04F79EFBC}") = "MetroDFS.Presistance", "MetroDFS.Presistance\MetroDFS.Presistance.csproj", "{1ECEA39C-386A-4A0A-BB72-03B8C7284361}"
EndProject
Project("{FAE04EC0-301F-11D3-BF4B-00C04F79EFBC}") = "MetroDFS.Services", "MetroDFS.Services\MetroDFS.Services.csproj", "{8A78C05F-7A21-4955-8AC9-98889A86284F}"
EndProject
Global
	GlobalSection(SolutionConfigurationPlatforms) = preSolution
		Debug|Any CPU = Debug|Any CPU
		Release|Any CPU = Release|Any CPU
	EndGlobalSection
	GlobalSection(ProjectConfigurationPlatforms) = postSolution
		{3ABD4177-EEA1-4390-B890-9263CB9091D7}.Debug|Any CPU.ActiveCfg = Debug|Any CPU
		{3ABD4177-EEA1-4390-B890-9263CB9091D7}.Debug|Any CPU.Build.0 = Debug|Any CPU
		{3ABD4177-EEA1-4390-B890-9263CB9091D7}.Release|Any CPU.ActiveCfg = Release|Any CPU
		{3ABD4177-EEA1-4390-B890-9263CB9091D7}.Release|Any CPU.Build.0 = Release|Any CPU
		{4D910BF2-20EA-4D07-917F-07CB76FFB39F}.Debug|Any CPU.ActiveCfg = Debug|Any CPU
		{4D910BF2-20EA-4D07-917F-07CB76FFB39F}.Debug|Any CPU.Build.0 = Debug|Any CPU
		{4D910BF2-20EA-4D07-917F-07CB76FFB39F}.Release|Any CPU.ActiveCfg = Release|Any CPU
		{4D910BF2-20EA-4D07-917F-07CB76FFB39F}.Release|Any CPU.Build.0 = Release|Any CPU
		{1ECEA39C-386A-4A0A-BB72-03B8C7284361}.Debug|Any CPU.ActiveCfg = Debug|Any CPU
		{1ECEA39C-386A-4A0A-BB72-03B8C7284361}.Debug|Any CPU.Build.0 = Debug|Any CPU
		{1ECEA39C-386A-4A0A-BB72-03B8C7284361}.Release|Any CPU.ActiveCfg = Release|Any CPU
		{1ECEA39C-386A-4A0A-BB72-03B8C7284361}.Release|Any CPU.Build.0 = Release|Any CPU
		{8A78C05F-7A21-4955-8AC9-98889A86284F}.Debug|Any CPU.ActiveCfg = Debug|Any CPU
		{8A78C05F-7A21-4955-8AC9-98889A86284F}.Debug|Any CPU.Build.0 = Debug|Any CPU
		{8A78C05F-7A21-4955-8AC9-98889A86284F}.Release|Any CPU.ActiveCfg = Release|Any CPU
		{8A78C05F-7A21-4955-8AC9-98889A86284F}.Release|Any CPU.Build.0 = Release|Any CPU
	EndGlobalSection
	GlobalSection(SolutionProperties) = preSolution
		HideSolutionNode = FALSE
	EndGlobalSection
	GlobalSection(ExtensibilityGlobals) = postSolution
		SolutionGuid = {059B8DAC-422F-4E1A-A018-174600DE4FAC}
	EndGlobalSection
EndGlobal
